{
  "requires": true,
  "lockfileVersion": 1,
  "dependencies": {
    "@a-robu/victor": {
      "version": "2.2.2",
      "resolved": "https://registry.npmjs.org/@a-robu/victor/-/victor-2.2.2.tgz",
      "integrity": "sha512-y/TT0b/pJH+jq0moqsfvLU7lJjpwcI4UqO7u/f99nPXDm7TOYOHz6gI9yKNV9LDdBcHaQXkwlBrexdiA5I6w2Q=="
    }
  }
}
